{
  "object": {
    "pins": [
      {
        "package": "ReactiveCocoa",
        "repositoryURL": "https://github.com/ReactiveCocoa/ReactiveCocoa",
        "state": {
          "branch": "master",
          "revision": "8a5b07b18c6abb8e12fb845bf742675dc4914ed8",
          "version": null
        }
      },
      {
        "package": "ReactiveSwift",
        "repositoryURL": "https://github.com/ReactiveCocoa/ReactiveSwift",
        "state": {
          "branch": null,
          "revision": "efb2f0a6f6c8739cce8fb14148a5bd3c83f2f91d",
          "version": "7.0.0"
        }
      },
      {
        "package": "RealmDatabase",
        "repositoryURL": "https://github.com/realm/realm-core",
        "state": {
          "branch": null,
          "revision": "3c78cccdc0d9f967c5c15b7f3ea081814e2b3ef2",
          "version": "11.13.0"
        }
      },
      {
        "package": "Realm",
        "repositoryURL": "https://github.com/realm/realm-swift.git",
        "state": {
          "branch": "master",
          "revision": "8c1cbf124c5025da9220595e7764059963065891",
          "version": null
        }
      },
      {
        "package": "RxRealm",
        "repositoryURL": "https://github.com/RxSwiftCommunity/RxRealm",
        "state": {
          "branch": "main",
          "revision": "5431fe18e341c41b9eeb56cf68e709ba8e54d4c9",
          "version": null
        }
      },
      {
        "package": "RxSwift",
        "repositoryURL": "https://github.com/ReactiveX/RxSwift",
        "state": {
          "branch": "main",
          "revision": "416180ae6eb5473332e5e0581aeb1c20e95874b8",
          "version": null
        }
      },
      {
        "package": "Swinject",
        "repositoryURL": "https://github.com/Swinject/Swinject",
        "state": {
          "branch": "master",
          "revision": "f10b6e9ebff440f985c43008f7c2d097639fcb81",
          "version": null
        }
      },
      {
        "package": "SwinjectStoryboard",
        "repositoryURL": "https://github.com/Swinject/SwinjectStoryboard",
        "state": {
          "branch": "master",
          "revision": "47df16142f8f9ce54a54bd61d04ae5c93d9de8eb",
          "version": null
        }
      }
    ]
  },
  "version": 1
}
